
Microsoft Visual Studio Solution File, Format Version 12.00
# Visual Studio Version 17
VisualStudioVersion = 17.1.32319.34
MinimumVisualStudioVersion = 10.0.40219.1
Project("{FAE04EC0-301F-11D3-BF4B-00C04F79EFBC}") = "TRCAplicacion", "TRCAplicacion\TRCAplicacion.csproj", "{5EC2522B-3707-41BA-9463-E80A2AE8CC8E}"
EndProject
Global
	GlobalSection(SolutionConfigurationPlatforms) = preSolution
		Debug|Any CPU = Debug|Any CPU
		Release|Any CPU = Release|Any CPU
	EndGlobalSection
	GlobalSection(ProjectConfigurationPlatforms) = postSolution
		{5EC2522B-3707-41BA-9463-E80A2AE8CC8E}.Debug|Any CPU.ActiveCfg = Debug|Any CPU
		{5EC2522B-3707-41BA-9463-E80A2AE8CC8E}.Debug|Any CPU.Build.0 = Debug|Any CPU
		{5EC2522B-3707-41BA-9463-E80A2AE8CC8E}.Release|Any CPU.ActiveCfg = Release|Any CPU
		{5EC2522B-3707-41BA-9463-E80A2AE8CC8E}.Release|Any CPU.Build.0 = Release|Any CPU
	EndGlobalSection
	GlobalSection(SolutionProperties) = preSolution
		HideSolutionNode = FALSE
	EndGlobalSection
	GlobalSection(ExtensibilityGlobals) = postSolution
		SolutionGuid = {0D7E2AC4-F6FA-498A-A9D5-D6099B4993CE}
	EndGlobalSection
EndGlobal
